
Microsoft Visual Studio Solution File, Format Version 12.00
# Visual Studio 14
VisualStudioVersion = 14.0.23107.0
MinimumVisualStudioVersion = 10.0.40219.1
Project("{FAE04EC0-301F-11D3-BF4B-00C04F79EFBC}") = "课程管理", "课程管理\课程管理.csproj", "{9328A409-2B9F-443E-8104-EB97F6B3404D}"
EndProject
Global
	GlobalSection(SolutionConfigurationPlatforms) = preSolution
		Debug|Any CPU = Debug|Any CPU
		Release|Any CPU = Release|Any CPU
	EndGlobalSection
	GlobalSection(ProjectConfigurationPlatforms) = postSolution
		{9328A409-2B9F-443E-8104-EB97F6B3404D}.Debug|Any CPU.ActiveCfg = Debug|Any CPU
		{9328A409-2B9F-443E-8104-EB97F6B3404D}.Debug|Any CPU.Build.0 = Debug|Any CPU
		{9328A409-2B9F-443E-8104-EB97F6B3404D}.Release|Any CPU.ActiveCfg = Release|Any CPU
		{9328A409-2B9F-443E-8104-EB97F6B3404D}.Release|Any CPU.Build.0 = Release|Any CPU
	EndGlobalSection
	GlobalSection(SolutionProperties) = preSolution
		HideSolutionNode = FALSE
	EndGlobalSection
EndGlobal
