
Microsoft Visual Studio Solution File, Format Version 12.00
# Visual Studio 2013
VisualStudioVersion = 12.0.30723.0
MinimumVisualStudioVersion = 10.0.40219.1
Project("{FAE04EC0-301F-11D3-BF4B-00C04F79EFBC}") = "AnimationForm", "AnimationForm\AnimationForm.csproj", "{8AFEEF90-4573-4E2F-9C6B-87BAB99B7558}"
EndProject
Global
	GlobalSection(SolutionConfigurationPlatforms) = preSolution
		Debug|Any CPU = Debug|Any CPU
		Release|Any CPU = Release|Any CPU
	EndGlobalSection
	GlobalSection(ProjectConfigurationPlatforms) = postSolution
		{8AFEEF90-4573-4E2F-9C6B-87BAB99B7558}.Debug|Any CPU.ActiveCfg = Debug|Any CPU
		{8AFEEF90-4573-4E2F-9C6B-87BAB99B7558}.Debug|Any CPU.Build.0 = Debug|Any CPU
		{8AFEEF90-4573-4E2F-9C6B-87BAB99B7558}.Release|Any CPU.ActiveCfg = Release|Any CPU
		{8AFEEF90-4573-4E2F-9C6B-87BAB99B7558}.Release|Any CPU.Build.0 = Release|Any CPU
	EndGlobalSection
	GlobalSection(SolutionProperties) = preSolution
		HideSolutionNode = FALSE
	EndGlobalSection
EndGlobal
